// !$*UTF8*$!
{
	archiveVersion = 1;
	classes = {
	};
	objectVersion = 56;
	objects = {

/* Begin PBXBuildFile section */
		0CCCD09F2ABCDCC500DB5646 /* RecipeApp.swift in Sources */ = {isa = PBXBuildFile; fileRef = 0CCCD09E2ABCDCC500DB5646 /* RecipeApp.swift */; };
		0CCCD0A12ABCDCC500DB5646 /* ContentView.swift in Sources */ = {isa = PBXBuildFile; fileRef = 0CCCD0A02ABCDCC500DB5646 /* ContentView.swift */; };
		0CCCD0A32ABCDCC700DB5646 /* Assets.xcassets in Resources */ = {isa = PBXBuildFile; fileRef = 0CCCD0A22ABCDCC700DB5646 /* Assets.xcassets */; };
		0CCCD0A62ABCDCC700DB5646 /* Preview Assets.xcassets in Resources */ = {isa = PBXBuildFile; fileRef = 0CCCD0A52ABCDCC700DB5646 /* Preview Assets.xcassets */; };
		0CCCD0B02ABCDCC700DB5646 /* RecipeTests.swift in Sources */ = {isa = PBXBuildFile; fileRef = 0CCCD0AF2ABCDCC700DB5646 /* RecipeTests.swift */; };
		0CCCD0BA2ABCDCC700DB5646 /* RecipeUITests.swift in Sources */ = {isa = PBXBuildFile; fileRef = 0CCCD0B92ABCDCC700DB5646 /* RecipeUITests.swift */; };
		0CCCD0BC2ABCDCC700DB5646 /* RecipeUITestsLaunchTests.swift in Sources */ = {isa = PBXBuildFile; fileRef = 0CCCD0BB2ABCDCC700DB5646 /* RecipeUITestsLaunchTests.swift */; };
/* End PBXBuildFile section */

/* Begin PBXContainerItemProxy section */
		0CCCD0AC2ABCDCC700DB5646 /* PBXContainerItemProxy */ = {
			isa = PBXContainerItemProxy;
			containerPortal = 0CCCD0932ABCDCC500DB5646 /* Project object */;
			proxyType = 1;
			remoteGlobalIDString = 0CCCD09A2ABCDCC500DB5646;
			remoteInfo = Recipe;
		};
		0CCCD0B62ABCDCC700DB5646 /* PBXContainerItemProxy */ = {
			isa = PBXContainerItemProxy;
			containerPortal = 0CCCD0932ABCDCC500DB5646 /* Project object */;
			proxyType = 1;
			remoteGlobalIDString = 0CCCD09A2ABCDCC500DB5646;
			remoteInfo = Recipe;
		};
/* End PBXContainerItemProxy section */

/* Begin PBXFileReference section */
		0CCCD09B2ABCDCC500DB5646 /* Recipe.app */ = {isa = PBXFileReference; explicitFileType = wrapper.application; includeInIndex = 0; path = Recipe.app; sourceTree = BUILT_PRODUCTS_DIR; };
		0CCCD09E2ABCDCC500DB5646 /* RecipeApp.swift */ = {isa = PBXFileReference; lastKnownFileType = sourcecode.swift; path = RecipeApp.swift; sourceTree = "<group>"; };
		0CCCD0A02ABCDCC500DB5646 /* ContentView.swift */ = {isa = PBXFileReference; lastKnownFileType = sourcecode.swift; path = ContentView.swift; sourceTree = "<group>"; };
		0CCCD0A22ABCDCC700DB5646 /* Assets.xcassets */ = {isa = PBXFileReference; lastKnownFileType = folder.assetcatalog; path = Assets.xcassets; sourceTree = "<group>"; };
		0CCCD0A52ABCDCC700DB5646 /* Preview Assets.xcassets */ = {isa = PBXFileReference; lastKnownFileType = folder.assetcatalog; path = "Preview Assets.xcassets"; sourceTree = "<group>"; };
		0CCCD0AB2ABCDCC700DB5646 /* RecipeTests.xctest */ = {isa = PBXFileReference; explicitFileType = wrapper.cfbundle; includeInIndex = 0; path = RecipeTests.xctest; sourceTree = BUILT_PRODUCTS_DIR; };
		0CCCD0AF2ABCDCC700DB5646 /* RecipeTests.swift */ = {isa = PBXFileReference; lastKnownFileType = sourcecode.swift; path = RecipeTests.swift; sourceTree = "<group>"; };
		0CCCD0B52ABCDCC700DB5646 /* RecipeUITests.xctest */ = {isa = PBXFileReference; explicitFileType = wrapper.cfbundle; includeInIndex = 0; path = RecipeUITests.xctest; sourceTree = BUILT_PRODUCTS_DIR; };
		0CCCD0B92ABCDCC700DB5646 /* RecipeUITests.swift */ = {isa = PBXFileReference; lastKnownFileType = sourcecode.swift; path = RecipeUITests.swift; sourceTree = "<group>"; };
		0CCCD0BB2ABCDCC700DB5646 /* RecipeUITestsLaunchTests.swift */ = {isa = PBXFileReference; lastKnownFileType = sourcecode.swift; path = RecipeUITestsLaunchTests.swift; sourceTree = "<group>"; };
/* End PBXFileReference section */

/* Begin PBXFrameworksBuildPhase section */
		0CCCD0982ABCDCC500DB5646 /* Frameworks */ = {
			isa = PBXFrameworksBuildPhase;
			buildActionMask = 2147483647;
			files = (
			);
			runOnlyForDeploymentPostprocessing = 0;
		};
		0CCCD0A82ABCDCC700DB5646 /* Frameworks */ = {
			isa = PBXFrameworksBuildPhase;
			buildActionMask = 2147483647;
			files = (
			);
			runOnlyForDeploymentPostprocessing = 0;
		};
		0CCCD0B22ABCDCC700DB5646 /* Frameworks */ = {
			isa = PBXFrameworksBuildPhase;
			buildActionMask = 2147483647;
			files = (
			);
			runOnlyForDeploymentPostprocessing = 0;
		};
/* End PBXFrameworksBuildPhase section */

/* Begin PBXGroup section */
		0CCCD0922ABCDCC500DB5646 = {
			isa = PBXGroup;
			children = (
				0CCCD09D2ABCDCC500DB5646 /* Recipe */,
				0CCCD0AE2ABCDCC700DB5646 /* RecipeTests */,
				0CCCD0B82ABCDCC700DB5646 /* RecipeUITests */,
				0CCCD09C2ABCDCC500DB5646 /* Products */,
			);
			sourceTree = "<group>";
		};
		0CCCD09C2ABCDCC500DB5646 /* Products */ = {
			isa = PBXGroup;
			children = (
				0CCCD09B2ABCDCC500DB5646 /* Recipe.app */,
				0CCCD0AB2ABCDCC700DB5646 /* RecipeTests.xctest */,
				0CCCD0B52ABCDCC700DB5646 /* RecipeUITests.xctest */,
			);
			name = Products;
			sourceTree = "<group>";
		};
		0CCCD09D2ABCDCC500DB5646 /* Recipe */ = {
			isa = PBXGroup;
			children = (
				0CCCD09E2ABCDCC500DB5646 /* RecipeApp.swift */,
				0CCCD0A02ABCDCC500DB5646 /* ContentView.swift */,
				0CCCD0A22ABCDCC700DB5646 /* Assets.xcassets */,
				0CCCD0A42ABCDCC700DB5646 /* Preview Content */,
			);
			path = Recipe;
			sourceTree = "<group>";
		};
		0CCCD0A42ABCDCC700DB5646 /* Preview Content */ = {
			isa = PBXGroup;
			children = (
				0CCCD0A52ABCDCC700DB5646 /* Preview Assets.xcassets */,
			);
			path = "Preview Content";
			sourceTree = "<group>";
		};
		0CCCD0AE2ABCDCC700DB5646 /* RecipeTests */ = {
			isa = PBXGroup;
			children = (
				0CCCD0AF2ABCDCC700DB5646 /* RecipeTests.swift */,
			);
			path = RecipeTests;
			sourceTree = "<group>";
		};
		0CCCD0B82ABCDCC700DB5646 /* RecipeUITests */ = {
			isa = PBXGroup;
			children = (
				0CCCD0B92ABCDCC700DB5646 /* RecipeUITests.swift */,
				0CCCD0BB2ABCDCC700DB5646 /* RecipeUITestsLaunchTests.swift */,
			);
			path = RecipeUITests;
			sourceTree = "<group>";
		};
/* End PBXGroup section */

/* Begin PBXNativeTarget section */
		0CCCD09A2ABCDCC500DB5646 /* Recipe */ = {
			isa = PBXNativeTarget;
			buildConfigurationList = 0CCCD0BF2ABCDCC700DB5646 /* Build configuration list for PBXNativeTarget "Recipe" */;
			buildPhases = (
				0CCCD0972ABCDCC500DB5646 /* Sources */,
				0CCCD0982ABCDCC500DB5646 /* Frameworks */,
				0CCCD0992ABCDCC500DB5646 /* Resources */,
			);
			buildRules = (
			);
			dependencies = (
			);
			name = Recipe;
			productName = Recipe;
			productReference = 0CCCD09B2ABCDCC500DB5646 /* Recipe.app */;
			productType = "com.apple.product-type.application";
		};
		0CCCD0AA2ABCDCC700DB5646 /* RecipeTests */ = {
			isa = PBXNativeTarget;
			buildConfigurationList = 0CCCD0C22ABCDCC700DB5646 /* Build configuration list for PBXNativeTarget "RecipeTests" */;
			buildPhases = (
				0CCCD0A72ABCDCC700DB5646 /* Sources */,
				0CCCD0A82ABCDCC700DB5646 /* Frameworks */,
				0CCCD0A92ABCDCC700DB5646 /* Resources */,
			);
			buildRules = (
			);
			dependencies = (
				0CCCD0AD2ABCDCC700DB5646 /* PBXTargetDependency */,
			);
			name = RecipeTests;
			productName = RecipeTests;
			productReference = 0CCCD0AB2ABCDCC700DB5646 /* RecipeTests.xctest */;
			productType = "com.apple.product-type.bundle.unit-test";
		};
		0CCCD0B42ABCDCC700DB5646 /* RecipeUITests */ = {
			isa = PBXNativeTarget;
			buildConfigurationList = 0CCCD0C52ABCDCC700DB5646 /* Build configuration list for PBXNativeTarget "RecipeUITests" */;
			buildPhases = (
				0CCCD0B12ABCDCC700DB5646 /* Sources */,
				0CCCD0B22ABCDCC700DB5646 /* Frameworks */,
				0CCCD0B32ABCDCC700DB5646 /* Resources */,
			);
			buildRules = (
			);
			dependencies = (
				0CCCD0B72ABCDCC700DB5646 /* PBXTargetDependency */,
			);
			name = RecipeUITests;
			productName = RecipeUITests;
			productReference = 0CCCD0B52ABCDCC700DB5646 /* RecipeUITests.xctest */;
			productType = "com.apple.product-type.bundle.ui-testing";
		};
/* End PBXNativeTarget section */

/* Begin PBXProject section */
		0CCCD0932ABCDCC500DB5646 /* Project object */ = {
			isa = PBXProject;
			attributes = {
				BuildIndependentTargetsInParallel = 1;
				LastSwiftUpdateCheck = 1430;
				LastUpgradeCheck = 1430;
				TargetAttributes = {
					0CCCD09A2ABCDCC500DB5646 = {
						CreatedOnToolsVersion = 14.3.1;
					};
					0CCCD0AA2ABCDCC700DB5646 = {
						CreatedOnToolsVersion = 14.3.1;
						TestTargetID = 0CCCD09A2ABCDCC500DB5646;
					};
					0CCCD0B42ABCDCC700DB5646 = {
						CreatedOnToolsVersion = 14.3.1;
						TestTargetID = 0CCCD09A2ABCDCC500DB5646;
					};
				};
			};
			buildConfigurationList = 0CCCD0962ABCDCC500DB5646 /* Build configuration list for PBXProject "Recipe" */;
			compatibilityVersion = "Xcode 14.0";
			developmentRegion = en;
			hasScannedForEncodings = 0;
			knownRegions = (
				en,
				Base,
			);
			mainGroup = 0CCCD0922ABCDCC500DB5646;
			productRefGroup = 0CCCD09C2ABCDCC500DB5646 /* Products */;
			projectDirPath = "";
			projectRoot = "";
			targets = (
				0CCCD09A2ABCDCC500DB5646 /* Recipe */,
				0CCCD0AA2ABCDCC700DB5646 /* RecipeTests */,
				0CCCD0B42ABCDCC700DB5646 /* RecipeUITests */,
			);
		};
/* End PBXProject section */

/* Begin PBXResourcesBuildPhase section */
		0CCCD0992ABCDCC500DB5646 /* Resources */ = {
			isa = PBXResourcesBuildPhase;
			buildActionMask = 2147483647;
			files = (
				0CCCD0A62ABCDCC700DB5646 /* Preview Assets.xcassets in Resources */,
				0CCCD0A32ABCDCC700DB5646 /* Assets.xcassets in Resources */,
			);
			runOnlyForDeploymentPostprocessing = 0;
		};
		0CCCD0A92ABCDCC700DB5646 /* Resources */ = {
			isa = PBXResourcesBuildPhase;
			buildActionMask = 2147483647;
			files = (
			);
			runOnlyForDeploymentPostprocessing = 0;
		};
		0CCCD0B32ABCDCC700DB5646 /* Resources */ = {
			isa = PBXResourcesBuildPhase;
			buildActionMask = 2147483647;
			files = (
			);
			runOnlyForDeploymentPostprocessing = 0;
		};
/* End PBXResourcesBuildPhase section */

/* Begin PBXSourcesBuildPhase section */
		0CCCD0972ABCDCC500DB5646 /* Sources */ = {
			isa = PBXSourcesBuildPhase;
			buildActionMask = 2147483647;
			files = (
				0CCCD0A12ABCDCC500DB5646 /* ContentView.swift in Sources */,
				0CCCD09F2ABCDCC500DB5646 /* RecipeApp.swift in Sources */,
			);
			runOnlyForDeploymentPostprocessing = 0;
		};
		0CCCD0A72ABCDCC700DB5646 /* Sources */ = {
			isa = PBXSourcesBuildPhase;
			buildActionMask = 2147483647;
			files = (
				0CCCD0B02ABCDCC700DB5646 /* RecipeTests.swift in Sources */,
			);
			runOnlyForDeploymentPostprocessing = 0;
		};
		0CCCD0B12ABCDCC700DB5646 /* Sources */ = {
			isa = PBXSourcesBuildPhase;
			buildActionMask = 2147483647;
			files = (
				0CCCD0BC2ABCDCC700DB5646 /* RecipeUITestsLaunchTests.swift in Sources */,
				0CCCD0BA2ABCDCC700DB5646 /* RecipeUITests.swift in Sources */,
			);
			runOnlyForDeploymentPostprocessing = 0;
		};
/* End PBXSourcesBuildPhase section */

/* Begin PBXTargetDependency section */
		0CCCD0AD2ABCDCC700DB5646 /* PBXTargetDependency */ = {
			isa = PBXTargetDependency;
			target = 0CCCD09A2ABCDCC500DB5646 /* Recipe */;
			targetProxy = 0CCCD0AC2ABCDCC700DB5646 /* PBXContainerItemProxy */;
		};
		0CCCD0B72ABCDCC700DB5646 /* PBXTargetDependency */ = {
			isa = PBXTargetDependency;
			target = 0CCCD09A2ABCDCC500DB5646 /* Recipe */;
			targetProxy = 0CCCD0B62ABCDCC700DB5646 /* PBXContainerItemProxy */;
		};
/* End PBXTargetDependency section */

/* Begin XCBuildConfiguration section */
		0CCCD0BD2ABCDCC700DB5646 /* Debug */ = {
			isa = XCBuildConfiguration;
			buildSettings = {
				ALWAYS_SEARCH_USER_PATHS = NO;
				CLANG_ANALYZER_NONNULL = YES;
				CLANG_ANALYZER_NUMBER_OBJECT_CONVERSION = YES_AGGRESSIVE;
				CLANG_CXX_LANGUAGE_STANDARD = "gnu++20";
				CLANG_ENABLE_MODULES = YES;
				CLANG_ENABLE_OBJC_ARC = YES;
				CLANG_ENABLE_OBJC_WEAK = YES;
				CLANG_WARN_BLOCK_CAPTURE_AUTORELEASING = YES;
				CLANG_WARN_BOOL_CONVERSION = YES;
				CLANG_WARN_COMMA = YES;
				CLANG_WARN_CONSTANT_CONVERSION = YES;
				CLANG_WARN_DEPRECATED_OBJC_IMPLEMENTATIONS = YES;
				CLANG_WARN_DIRECT_OBJC_ISA_USAGE = YES_ERROR;
				CLANG_WARN_DOCUMENTATION_COMMENTS = YES;
				CLANG_WARN_EMPTY_BODY = YES;
				CLANG_WARN_ENUM_CONVERSION = YES;
				CLANG_WARN_INFINITE_RECURSION = YES;
				CLANG_WARN_INT_CONVERSION = YES;
				CLANG_WARN_NON_LITERAL_NULL_CONVERSION = YES;
				CLANG_WARN_OBJC_IMPLICIT_RETAIN_SELF = YES;
				CLANG_WARN_OBJC_LITERAL_CONVERSION = YES;
				CLANG_WARN_OBJC_ROOT_CLASS = YES_ERROR;
				CLANG_WARN_QUOTED_INCLUDE_IN_FRAMEWORK_HEADER = YES;
				CLANG_WARN_RANGE_LOOP_ANALYSIS = YES;
				CLANG_WARN_STRICT_PROTOTYPES = YES;
				CLANG_WARN_SUSPICIOUS_MOVE = YES;
				CLANG_WARN_UNGUARDED_AVAILABILITY = YES_AGGRESSIVE;
				CLANG_WARN_UNREACHABLE_CODE = YES;
				CLANG_WARN__DUPLICATE_METHOD_MATCH = YES;
				COPY_PHASE_STRIP = NO;
				DEBUG_INFORMATION_FORMAT = dwarf;
				ENABLE_STRICT_OBJC_MSGSEND = YES;
				ENABLE_TESTABILITY = YES;
				GCC_C_LANGUAGE_STANDARD = gnu11;
				GCC_DYNAMIC_NO_PIC = NO;
				GCC_NO_COMMON_BLOCKS = YES;
				GCC_OPTIMIZATION_LEVEL = 0;
				GCC_PREPROCESSOR_DEFINITIONS = (
					"DEBUG=1",
					"$(inherited)",
				);
				GCC_WARN_64_TO_32_BIT_CONVERSION = YES;
				GCC_WARN_ABOUT_RETURN_TYPE = YES_ERROR;
				GCC_WARN_UNDECLARED_SELECTOR = YES;
				GCC_WARN_UNINITIALIZED_AUTOS = YES_AGGRESSIVE;
				GCC_WARN_UNUSED_FUNCTION = YES;
				GCC_WARN_UNUSED_VARIABLE = YES;
				IPHONEOS_DEPLOYMENT_TARGET = 16.4;
				MTL_ENABLE_DEBUG_INFO = INCLUDE_SOURCE;
				MTL_FAST_MATH = YES;
				ONLY_ACTIVE_ARCH = YES;
				SDKROOT = iphoneos;
				SWIFT_ACTIVE_COMPILATION_CONDITIONS = DEBUG;
				SWIFT_OPTIMIZATION_LEVEL = "-Onone";
			};
			name = Debug;
		};
		0CCCD0BE2ABCDCC700DB5646 /* Release */ = {
			isa = XCBuildConfiguration;
			buildSettings = {
				ALWAYS_SEARCH_USER_PATHS = NO;
				CLANG_ANALYZER_NONNULL = YES;
				CLANG_ANALYZER_NUMBER_OBJECT_CONVERSION = YES_AGGRESSIVE;
				CLANG_CXX_LANGUAGE_STANDARD = "gnu++20";
				CLANG_ENABLE_MODULES = YES;
				CLANG_ENABLE_OBJC_ARC = YES;
				CLANG_ENABLE_OBJC_WEAK = YES;
				CLANG_WARN_BLOCK_CAPTURE_AUTORELEASING = YES;
				CLANG_WARN_BOOL_CONVERSION = YES;
				CLANG_WARN_COMMA = YES;
				CLANG_WARN_CONSTANT_CONVERSION = YES;
				CLANG_WARN_DEPRECATED_OBJC_IMPLEMENTATIONS = YES;
				CLANG_WARN_DIRECT_OBJC_ISA_USAGE = YES_ERROR;
				CLANG_WARN_DOCUMENTATION_COMMENTS = YES;
				CLANG_WARN_EMPTY_BODY = YES;
				CLANG_WARN_ENUM_CONVERSION = YES;
				CLANG_WARN_INFINITE_RECURSION = YES;
				CLANG_WARN_INT_CONVERSION = YES;
				CLANG_WARN_NON_LITERAL_NULL_CONVERSION = YES;
				CLANG_WARN_OBJC_IMPLICIT_RETAIN_SELF = YES;
				CLANG_WARN_OBJC_LITERAL_CONVERSION = YES;
				CLANG_WARN_OBJC_ROOT_CLASS = YES_ERROR;
				CLANG_WARN_QUOTED_INCLUDE_IN_FRAMEWORK_HEADER = YES;
				CLANG_WARN_RANGE_LOOP_ANALYSIS = YES;
				CLANG_WARN_STRICT_PROTOTYPES = YES;
				CLANG_WARN_SUSPICIOUS_MOVE = YES;
				CLANG_WARN_UNGUARDED_AVAILABILITY = YES_AGGRESSIVE;
				CLANG_WARN_UNREACHABLE_CODE = YES;
				CLANG_WARN__DUPLICATE_METHOD_MATCH = YES;
				COPY_PHASE_STRIP = NO;
				DEBUG_INFORMATION_FORMAT = "dwarf-with-dsym";
				ENABLE_NS_ASSERTIONS = NO;
				ENABLE_STRICT_OBJC_MSGSEND = YES;
				GCC_C_LANGUAGE_STANDARD = gnu11;
				GCC_NO_COMMON_BLOCKS = YES;
				GCC_WARN_64_TO_32_BIT_CONVERSION = YES;
				GCC_WARN_ABOUT_RETURN_TYPE = YES_ERROR;
				GCC_WARN_UNDECLARED_SELECTOR = YES;
				GCC_WARN_UNINITIALIZED_AUTOS = YES_AGGRESSIVE;
				GCC_WARN_UNUSED_FUNCTION = YES;
				GCC_WARN_UNUSED_VARIABLE = YES;
				IPHONEOS_DEPLOYMENT_TARGET = 16.4;
				MTL_ENABLE_DEBUG_INFO = NO;
				MTL_FAST_MATH = YES;
				SDKROOT = iphoneos;
				SWIFT_COMPILATION_MODE = wholemodule;
				SWIFT_OPTIMIZATION_LEVEL = "-O";
				VALIDATE_PRODUCT = YES;
			};
			name = Release;
		};
		0CCCD0C02ABCDCC700DB5646 /* Debug */ = {
			isa = XCBuildConfiguration;
			buildSettings = {
				ASSETCATALOG_COMPILER_APPICON_NAME = AppIcon;
				ASSETCATALOG_COMPILER_GLOBAL_ACCENT_COLOR_NAME = AccentColor;
				CODE_SIGN_STYLE = Automatic;
				CURRENT_PROJECT_VERSION = 1;
				DEVELOPMENT_ASSET_PATHS = "\"Recipe/Preview Content\"";
				DEVELOPMENT_TEAM = 5VXJUNYC2Z;
				ENABLE_PREVIEWS = YES;
				GENERATE_INFOPLIST_FILE = YES;
				INFOPLIST_KEY_UIApplicationSceneManifest_Generation = YES;
				INFOPLIST_KEY_UIApplicationSupportsIndirectInputEvents = YES;
				INFOPLIST_KEY_UILaunchScreen_Generation = YES;
				INFOPLIST_KEY_UISupportedInterfaceOrientations_iPad = "UIInterfaceOrientationPortrait UIInterfaceOrientationPortraitUpsideDown UIInterfaceOrientationLandscapeLeft UIInterfaceOrientationLandscapeRight";
				INFOPLIST_KEY_UISupportedInterfaceOrientations_iPhone = "UIInterfaceOrientationPortrait UIInterfaceOrientationLandscapeLeft UIInterfaceOrientationLandscapeRight";
				LD_RUNPATH_SEARCH_PATHS = (
					"$(inherited)",
					"@executable_path/Frameworks",
				);
				MARKETING_VERSION = 1.0;
				PRODUCT_BUNDLE_IDENTIFIER = come.marcusmarshalljr.Recipe;
				PRODUCT_NAME = "$(TARGET_NAME)";
				SWIFT_EMIT_LOC_STRINGS = YES;
				SWIFT_VERSION = 5.0;
				TARGETED_DEVICE_FAMILY = "1,2";
			};
			name = Debug;
		};
		0CCCD0C12ABCDCC700DB5646 /* Release */ = {
			isa = XCBuildConfiguration;
			buildSettings = {
				ASSETCATALOG_COMPILER_APPICON_NAME = AppIcon;
				ASSETCATALOG_COMPILER_GLOBAL_ACCENT_COLOR_NAME = AccentColor;
				CODE_SIGN_STYLE = Automatic;
				CURRENT_PROJECT_VERSION = 1;
				DEVELOPMENT_ASSET_PATHS = "\"Recipe/Preview Content\"";
				DEVELOPMENT_TEAM = 5VXJUNYC2Z;
				ENABLE_PREVIEWS = YES;
				GENERATE_INFOPLIST_FILE = YES;
				INFOPLIST_KEY_UIApplicationSceneManifest_Generation = YES;
				INFOPLIST_KEY_UIApplicationSupportsIndirectInputEvents = YES;
				INFOPLIST_KEY_UILaunchScreen_Generation = YES;
				INFOPLIST_KEY_UISupportedInterfaceOrientations_iPad = "UIInterfaceOrientationPortrait UIInterfaceOrientationPortraitUpsideDown UIInterfaceOrientationLandscapeLeft UIInterfaceOrientationLandscapeRight";
				INFOPLIST_KEY_UISupportedInterfaceOrientations_iPhone = "UIInterfaceOrientationPortrait UIInterfaceOrientationLandscapeLeft UIInterfaceOrientationLandscapeRight";
				LD_RUNPATH_SEARCH_PATHS = (
					"$(inherited)",
					"@executable_path/Frameworks",
				);
				MARKETING_VERSION = 1.0;
				PRODUCT_BUNDLE_IDENTIFIER = come.marcusmarshalljr.Recipe;
				PRODUCT_NAME = "$(TARGET_NAME)";
				SWIFT_EMIT_LOC_STRINGS = YES;
				SWIFT_VERSION = 5.0;
				TARGETED_DEVICE_FAMILY = "1,2";
			};
			name = Release;
		};
		0CCCD0C32ABCDCC700DB5646 /* Debug */ = {
			isa = XCBuildConfiguration;
			buildSettings = {
				ALWAYS_EMBED_SWIFT_STANDARD_LIBRARIES = YES;
				BUNDLE_LOADER = "$(TEST_HOST)";
				CODE_SIGN_STYLE = Automatic;
				CURRENT_PROJECT_VERSION = 1;
				DEVELOPMENT_TEAM = 5VXJUNYC2Z;
				GENERATE_INFOPLIST_FILE = YES;
				IPHONEOS_DEPLOYMENT_TARGET = 16.4;
				MARKETING_VERSION = 1.0;
				PRODUCT_BUNDLE_IDENTIFIER = come.marcusmarshalljr.RecipeTests;
				PRODUCT_NAME = "$(TARGET_NAME)";
				SWIFT_EMIT_LOC_STRINGS = NO;
				SWIFT_VERSION = 5.0;
				TARGETED_DEVICE_FAMILY = "1,2";
				TEST_HOST = "$(BUILT_PRODUCTS_DIR)/Recipe.app/$(BUNDLE_EXECUTABLE_FOLDER_PATH)/Recipe";
			};
			name = Debug;
		};
		0CCCD0C42ABCDCC700DB5646 /* Release */ = {
			isa = XCBuildConfiguration;
			buildSettings = {
				ALWAYS_EMBED_SWIFT_STANDARD_LIBRARIES = YES;
				BUNDLE_LOADER = "$(TEST_HOST)";
				CODE_SIGN_STYLE = Automatic;
				CURRENT_PROJECT_VERSION = 1;
				DEVELOPMENT_TEAM = 5VXJUNYC2Z;
				GENERATE_INFOPLIST_FILE = YES;
				IPHONEOS_DEPLOYMENT_TARGET = 16.4;
				MARKETING_VERSION = 1.0;
				PRODUCT_BUNDLE_IDENTIFIER = come.marcusmarshalljr.RecipeTests;
				PRODUCT_NAME = "$(TARGET_NAME)";
				SWIFT_EMIT_LOC_STRINGS = NO;
				SWIFT_VERSION = 5.0;
				TARGETED_DEVICE_FAMILY = "1,2";
				TEST_HOST = "$(BUILT_PRODUCTS_DIR)/Recipe.app/$(BUNDLE_EXECUTABLE_FOLDER_PATH)/Recipe";
			};
			name = Release;
		};
		0CCCD0C62ABCDCC700DB5646 /* Debug */ = {
			isa = XCBuildConfiguration;
			buildSettings = {
				ALWAYS_EMBED_SWIFT_STANDARD_LIBRARIES = YES;
				CODE_SIGN_STYLE = Automatic;
				CURRENT_PROJECT_VERSION = 1;
				DEVELOPMENT_TEAM = 5VXJUNYC2Z;
				GENERATE_INFOPLIST_FILE = YES;
				MARKETING_VERSION = 1.0;
				PRODUCT_BUNDLE_IDENTIFIER = come.marcusmarshalljr.RecipeUITests;
				PRODUCT_NAME = "$(TARGET_NAME)";
				SWIFT_EMIT_LOC_STRINGS = NO;
				SWIFT_VERSION = 5.0;
				TARGETED_DEVICE_FAMILY = "1,2";
				TEST_TARGET_NAME = Recipe;
			};
			name = Debug;
		};
		0CCCD0C72ABCDCC700DB5646 /* Release */ = {
			isa = XCBuildConfiguration;
			buildSettings = {
				ALWAYS_EMBED_SWIFT_STANDARD_LIBRARIES = YES;
				CODE_SIGN_STYLE = Automatic;
				CURRENT_PROJECT_VERSION = 1;
				DEVELOPMENT_TEAM = 5VXJUNYC2Z;
				GENERATE_INFOPLIST_FILE = YES;
				MARKETING_VERSION = 1.0;
				PRODUCT_BUNDLE_IDENTIFIER = come.marcusmarshalljr.RecipeUITests;
				PRODUCT_NAME = "$(TARGET_NAME)";
				SWIFT_EMIT_LOC_STRINGS = NO;
				SWIFT_VERSION = 5.0;
				TARGETED_DEVICE_FAMILY = "1,2";
				TEST_TARGET_NAME = Recipe;
			};
			name = Release;
		};
/* End XCBuildConfiguration section */

/* Begin XCConfigurationList section */
		0CCCD0962ABCDCC500DB5646 /* Build configuration list for PBXProject "Recipe" */ = {
			isa = XCConfigurationList;
			buildConfigurations = (
				0CCCD0BD2ABCDCC700DB5646 /* Debug */,
				0CCCD0BE2ABCDCC700DB5646 /* Release */,
			);
			defaultConfigurationIsVisible = 0;
			defaultConfigurationName = Release;
		};
		0CCCD0BF2ABCDCC700DB5646 /* Build configuration list for PBXNativeTarget "Recipe" */ = {
			isa = XCConfigurationList;
			buildConfigurations = (
				0CCCD0C02ABCDCC700DB5646 /* Debug */,
				0CCCD0C12ABCDCC700DB5646 /* Release */,
			);
			defaultConfigurationIsVisible = 0;
			defaultConfigurationName = Release;
		};
		0CCCD0C22ABCDCC700DB5646 /* Build configuration list for PBXNativeTarget "RecipeTests" */ = {
			isa = XCConfigurationList;
			buildConfigurations = (
				0CCCD0C32ABCDCC700DB5646 /* Debug */,
				0CCCD0C42ABCDCC700DB5646 /* Release */,
			);
			defaultConfigurationIsVisible = 0;
			defaultConfigurationName = Release;
		};
		0CCCD0C52ABCDCC700DB5646 /* Build configuration list for PBXNativeTarget "RecipeUITests" */ = {
			isa = XCConfigurationList;
			buildConfigurations = (
				0CCCD0C62ABCDCC700DB5646 /* Debug */,
				0CCCD0C72ABCDCC700DB5646 /* Release */,
			);
			defaultConfigurationIsVisible = 0;
			defaultConfigurationName = Release;
		};
/* End XCConfigurationList section */
	};
	rootObject = 0CCCD0932ABCDCC500DB5646 /* Project object */;
}
